// !$*UTF8*$!
{
	archiveVersion = 1;
	classes = {
	};
	objectVersion = 56;
	objects = {

/* Begin PBXBuildFile section */
		2E7307432A2709A0000578A7 /* HashableBootcamp.swift in Sources */ = {isa = PBXBuildFile; fileRef = 2E7307422A2709A0000578A7 /* HashableBootcamp.swift */; };
		2E7307452A270F94000578A7 /* ArraysBootcamp.swift in Sources */ = {isa = PBXBuildFile; fileRef = 2E7307442A270F94000578A7 /* ArraysBootcamp.swift */; };
		2E8828352A2B6D62007F5871 /* WeakSelfBootcamp.swift in Sources */ = {isa = PBXBuildFile; fileRef = 2E8828342A2B6D62007F5871 /* WeakSelfBootcamp.swift */; };
		2E8828372A2B77E1007F5871 /* TypeAlisaBootcamp.swift in Sources */ = {isa = PBXBuildFile; fileRef = 2E8828362A2B77E1007F5871 /* TypeAlisaBootcamp.swift */; };
		2E8828392A2B7BF4007F5871 /* EscapingBootcamp.swift in Sources */ = {isa = PBXBuildFile; fileRef = 2E8828382A2B7BF4007F5871 /* EscapingBootcamp.swift */; };
		2EAF52E72A27D43C00A894C3 /* CoreDataRelationBootcamp.swift in Sources */ = {isa = PBXBuildFile; fileRef = 2EAF52E62A27D43C00A894C3 /* CoreDataRelationBootcamp.swift */; };
		2EAF52EA2A27D63100A894C3 /* CoreDataContainer.xcdatamodeld in Sources */ = {isa = PBXBuildFile; fileRef = 2EAF52E82A27D63100A894C3 /* CoreDataContainer.xcdatamodeld */; };
		2EB521C32A27C4F5003A7E32 /* CoreDataBootcamp.swift in Sources */ = {isa = PBXBuildFile; fileRef = 2EB521C22A27C4F5003A7E32 /* CoreDataBootcamp.swift */; };
		2EB521C62A27C65F003A7E32 /* FruitsContrainer.xcdatamodeld in Sources */ = {isa = PBXBuildFile; fileRef = 2EB521C42A27C65F003A7E32 /* FruitsContrainer.xcdatamodeld */; };
		2EB7F5E22A2489FD000ABBB7 /* SwiftUiSamplesApp.swift in Sources */ = {isa = PBXBuildFile; fileRef = 2EB7F5E12A2489FD000ABBB7 /* SwiftUiSamplesApp.swift */; };
		2EB7F5E42A2489FD000ABBB7 /* ContentView.swift in Sources */ = {isa = PBXBuildFile; fileRef = 2EB7F5E32A2489FD000ABBB7 /* ContentView.swift */; };
		2EB7F5E62A2489FE000ABBB7 /* Assets.xcassets in Resources */ = {isa = PBXBuildFile; fileRef = 2EB7F5E52A2489FE000ABBB7 /* Assets.xcassets */; };
		2EB7F5E92A2489FE000ABBB7 /* Preview Assets.xcassets in Resources */ = {isa = PBXBuildFile; fileRef = 2EB7F5E82A2489FE000ABBB7 /* Preview Assets.xcassets */; };
		2EB7F5F02A248A7B000ABBB7 /* LongPressGetureBootcamp.swift in Sources */ = {isa = PBXBuildFile; fileRef = 2EB7F5EF2A248A7B000ABBB7 /* LongPressGetureBootcamp.swift */; };
		2EB7F5F22A248B01000ABBB7 /* MagnificationGestureBootcamp.swift in Sources */ = {isa = PBXBuildFile; fileRef = 2EB7F5F12A248B01000ABBB7 /* MagnificationGestureBootcamp.swift */; };
		2EB7F5F42A248EC2000ABBB7 /* RotationGestureBootcamp.swift in Sources */ = {isa = PBXBuildFile; fileRef = 2EB7F5F32A248EC2000ABBB7 /* RotationGestureBootcamp.swift */; };
		2EB7F5F62A249827000ABBB7 /* DragGestureBootcamp.swift in Sources */ = {isa = PBXBuildFile; fileRef = 2EB7F5F52A249827000ABBB7 /* DragGestureBootcamp.swift */; };
		2EB7F5F82A249BBB000ABBB7 /* DragGestureBootcamp2.swift in Sources */ = {isa = PBXBuildFile; fileRef = 2EB7F5F72A249BBB000ABBB7 /* DragGestureBootcamp2.swift */; };
		2EB7F5FA2A24A400000ABBB7 /* ScrollViewReaderBootcamp.swift in Sources */ = {isa = PBXBuildFile; fileRef = 2EB7F5F92A24A400000ABBB7 /* ScrollViewReaderBootcamp.swift */; };
		2EB7F5FC2A24AE8C000ABBB7 /* GeometryReaderBootcamp.swift in Sources */ = {isa = PBXBuildFile; fileRef = 2EB7F5FB2A24AE8C000ABBB7 /* GeometryReaderBootcamp.swift */; };
		2ED943E22A26682700C4B4CF /* MultipleSheetsBootcamp.swift in Sources */ = {isa = PBXBuildFile; fileRef = 2ED943E12A26682700C4B4CF /* MultipleSheetsBootcamp.swift */; };
		2ED943E42A2673AC00C4B4CF /* MaskBootcamp.swift in Sources */ = {isa = PBXBuildFile; fileRef = 2ED943E32A2673AC00C4B4CF /* MaskBootcamp.swift */; };
		2ED943E62A267CDE00C4B4CF /* SoundsBootcamp.swift in Sources */ = {isa = PBXBuildFile; fileRef = 2ED943E52A267CDE00C4B4CF /* SoundsBootcamp.swift */; };
		2ED943E92A267F6A00C4B4CF /* tada.mp3 in Resources */ = {isa = PBXBuildFile; fileRef = 2ED943E82A267F6A00C4B4CF /* tada.mp3 */; };
		2ED943EB2A267F8300C4B4CF /* badum.mp3 in Resources */ = {isa = PBXBuildFile; fileRef = 2ED943EA2A267F8300C4B4CF /* badum.mp3 */; };
		2ED943ED2A26820900C4B4CF /* HapticBootcamp.swift in Sources */ = {isa = PBXBuildFile; fileRef = 2ED943EC2A26820900C4B4CF /* HapticBootcamp.swift */; };
		2ED943EF2A268F8B00C4B4CF /* LocalNotificationBootcamp.swift in Sources */ = {isa = PBXBuildFile; fileRef = 2ED943EE2A268F8B00C4B4CF /* LocalNotificationBootcamp.swift */; };
		2EDE2E732A2A8B8C0020822B /* BackgroundThreadBootcamp.swift in Sources */ = {isa = PBXBuildFile; fileRef = 2EDE2E722A2A8B8C0020822B /* BackgroundThreadBootcamp.swift */; };
/* End PBXBuildFile section */

/* Begin PBXFileReference section */
		2E7307422A2709A0000578A7 /* HashableBootcamp.swift */ = {isa = PBXFileReference; lastKnownFileType = sourcecode.swift; path = HashableBootcamp.swift; sourceTree = "<group>"; };
		2E7307442A270F94000578A7 /* ArraysBootcamp.swift */ = {isa = PBXFileReference; lastKnownFileType = sourcecode.swift; path = ArraysBootcamp.swift; sourceTree = "<group>"; };
		2E8828342A2B6D62007F5871 /* WeakSelfBootcamp.swift */ = {isa = PBXFileReference; lastKnownFileType = sourcecode.swift; path = WeakSelfBootcamp.swift; sourceTree = "<group>"; };
		2E8828362A2B77E1007F5871 /* TypeAlisaBootcamp.swift */ = {isa = PBXFileReference; lastKnownFileType = sourcecode.swift; path = TypeAlisaBootcamp.swift; sourceTree = "<group>"; };
		2E8828382A2B7BF4007F5871 /* EscapingBootcamp.swift */ = {isa = PBXFileReference; lastKnownFileType = sourcecode.swift; path = EscapingBootcamp.swift; sourceTree = "<group>"; };
		2EAF52E62A27D43C00A894C3 /* CoreDataRelationBootcamp.swift */ = {isa = PBXFileReference; lastKnownFileType = sourcecode.swift; path = CoreDataRelationBootcamp.swift; sourceTree = "<group>"; };
		2EAF52E92A27D63100A894C3 /* CoreDataContainer.xcdatamodel */ = {isa = PBXFileReference; lastKnownFileType = wrapper.xcdatamodel; path = CoreDataContainer.xcdatamodel; sourceTree = "<group>"; };
		2EB521C22A27C4F5003A7E32 /* CoreDataBootcamp.swift */ = {isa = PBXFileReference; lastKnownFileType = sourcecode.swift; path = CoreDataBootcamp.swift; sourceTree = "<group>"; };
		2EB521C52A27C65F003A7E32 /* FruitsContrainer.xcdatamodel */ = {isa = PBXFileReference; lastKnownFileType = wrapper.xcdatamodel; path = FruitsContrainer.xcdatamodel; sourceTree = "<group>"; };
		2EB7F5DE2A2489FD000ABBB7 /* SwiftUiSamples.app */ = {isa = PBXFileReference; explicitFileType = wrapper.application; includeInIndex = 0; path = SwiftUiSamples.app; sourceTree = BUILT_PRODUCTS_DIR; };
		2EB7F5E12A2489FD000ABBB7 /* SwiftUiSamplesApp.swift */ = {isa = PBXFileReference; lastKnownFileType = sourcecode.swift; path = SwiftUiSamplesApp.swift; sourceTree = "<group>"; };
		2EB7F5E32A2489FD000ABBB7 /* ContentView.swift */ = {isa = PBXFileReference; lastKnownFileType = sourcecode.swift; path = ContentView.swift; sourceTree = "<group>"; };
		2EB7F5E52A2489FE000ABBB7 /* Assets.xcassets */ = {isa = PBXFileReference; lastKnownFileType = folder.assetcatalog; path = Assets.xcassets; sourceTree = "<group>"; };
		2EB7F5E82A2489FE000ABBB7 /* Preview Assets.xcassets */ = {isa = PBXFileReference; lastKnownFileType = folder.assetcatalog; path = "Preview Assets.xcassets"; sourceTree = "<group>"; };
		2EB7F5EF2A248A7B000ABBB7 /* LongPressGetureBootcamp.swift */ = {isa = PBXFileReference; lastKnownFileType = sourcecode.swift; path = LongPressGetureBootcamp.swift; sourceTree = "<group>"; };
		2EB7F5F12A248B01000ABBB7 /* MagnificationGestureBootcamp.swift */ = {isa = PBXFileReference; lastKnownFileType = sourcecode.swift; path = MagnificationGestureBootcamp.swift; sourceTree = "<group>"; };
		2EB7F5F32A248EC2000ABBB7 /* RotationGestureBootcamp.swift */ = {isa = PBXFileReference; lastKnownFileType = sourcecode.swift; path = RotationGestureBootcamp.swift; sourceTree = "<group>"; };
		2EB7F5F52A249827000ABBB7 /* DragGestureBootcamp.swift */ = {isa = PBXFileReference; lastKnownFileType = sourcecode.swift; path = DragGestureBootcamp.swift; sourceTree = "<group>"; };
		2EB7F5F72A249BBB000ABBB7 /* DragGestureBootcamp2.swift */ = {isa = PBXFileReference; lastKnownFileType = sourcecode.swift; path = DragGestureBootcamp2.swift; sourceTree = "<group>"; };
		2EB7F5F92A24A400000ABBB7 /* ScrollViewReaderBootcamp.swift */ = {isa = PBXFileReference; lastKnownFileType = sourcecode.swift; path = ScrollViewReaderBootcamp.swift; sourceTree = "<group>"; };
		2EB7F5FB2A24AE8C000ABBB7 /* GeometryReaderBootcamp.swift */ = {isa = PBXFileReference; lastKnownFileType = sourcecode.swift; path = GeometryReaderBootcamp.swift; sourceTree = "<group>"; };
		2ED943E12A26682700C4B4CF /* MultipleSheetsBootcamp.swift */ = {isa = PBXFileReference; lastKnownFileType = sourcecode.swift; path = MultipleSheetsBootcamp.swift; sourceTree = "<group>"; };
		2ED943E32A2673AC00C4B4CF /* MaskBootcamp.swift */ = {isa = PBXFileReference; lastKnownFileType = sourcecode.swift; path = MaskBootcamp.swift; sourceTree = "<group>"; };
		2ED943E52A267CDE00C4B4CF /* SoundsBootcamp.swift */ = {isa = PBXFileReference; lastKnownFileType = sourcecode.swift; path = SoundsBootcamp.swift; sourceTree = "<group>"; };
		2ED943E82A267F6A00C4B4CF /* tada.mp3 */ = {isa = PBXFileReference; lastKnownFileType = audio.mp3; path = tada.mp3; sourceTree = "<group>"; };
		2ED943EA2A267F8300C4B4CF /* badum.mp3 */ = {isa = PBXFileReference; lastKnownFileType = audio.mp3; path = badum.mp3; sourceTree = "<group>"; };
		2ED943EC2A26820900C4B4CF /* HapticBootcamp.swift */ = {isa = PBXFileReference; lastKnownFileType = sourcecode.swift; path = HapticBootcamp.swift; sourceTree = "<group>"; };
		2ED943EE2A268F8B00C4B4CF /* LocalNotificationBootcamp.swift */ = {isa = PBXFileReference; lastKnownFileType = sourcecode.swift; path = LocalNotificationBootcamp.swift; sourceTree = "<group>"; };
		2EDE2E722A2A8B8C0020822B /* BackgroundThreadBootcamp.swift */ = {isa = PBXFileReference; lastKnownFileType = sourcecode.swift; path = BackgroundThreadBootcamp.swift; sourceTree = "<group>"; };
/* End PBXFileReference section */

/* Begin PBXFrameworksBuildPhase section */
		2EB7F5DB2A2489FD000ABBB7 /* Frameworks */ = {
			isa = PBXFrameworksBuildPhase;
			buildActionMask = 2147483647;
			files = (
			);
			runOnlyForDeploymentPostprocessing = 0;
		};
/* End PBXFrameworksBuildPhase section */

/* Begin PBXGroup section */
		2EB7F5D52A2489FD000ABBB7 = {
			isa = PBXGroup;
			children = (
				2EB7F5E02A2489FD000ABBB7 /* SwiftUiSamples */,
				2EB7F5DF2A2489FD000ABBB7 /* Products */,
			);
			sourceTree = "<group>";
		};
		2EB7F5DF2A2489FD000ABBB7 /* Products */ = {
			isa = PBXGroup;
			children = (
				2EB7F5DE2A2489FD000ABBB7 /* SwiftUiSamples.app */,
			);
			name = Products;
			sourceTree = "<group>";
		};
		2EB7F5E02A2489FD000ABBB7 /* SwiftUiSamples */ = {
			isa = PBXGroup;
			children = (
				2ED943E72A267F5000C4B4CF /* Sounds */,
				2EB7F5E12A2489FD000ABBB7 /* SwiftUiSamplesApp.swift */,
				2EB7F5E32A2489FD000ABBB7 /* ContentView.swift */,
				2EB7F5E52A2489FE000ABBB7 /* Assets.xcassets */,
				2EB7F5E72A2489FE000ABBB7 /* Preview Content */,
				2EB7F5EF2A248A7B000ABBB7 /* LongPressGetureBootcamp.swift */,
				2EB7F5F12A248B01000ABBB7 /* MagnificationGestureBootcamp.swift */,
				2EB7F5F32A248EC2000ABBB7 /* RotationGestureBootcamp.swift */,
				2EB7F5F52A249827000ABBB7 /* DragGestureBootcamp.swift */,
				2EB7F5F72A249BBB000ABBB7 /* DragGestureBootcamp2.swift */,
				2EB7F5F92A24A400000ABBB7 /* ScrollViewReaderBootcamp.swift */,
				2EB7F5FB2A24AE8C000ABBB7 /* GeometryReaderBootcamp.swift */,
				2ED943E12A26682700C4B4CF /* MultipleSheetsBootcamp.swift */,
				2ED943E32A2673AC00C4B4CF /* MaskBootcamp.swift */,
				2ED943E52A267CDE00C4B4CF /* SoundsBootcamp.swift */,
				2ED943EC2A26820900C4B4CF /* HapticBootcamp.swift */,
				2ED943EE2A268F8B00C4B4CF /* LocalNotificationBootcamp.swift */,
				2E7307422A2709A0000578A7 /* HashableBootcamp.swift */,
				2E7307442A270F94000578A7 /* ArraysBootcamp.swift */,
				2EB521C22A27C4F5003A7E32 /* CoreDataBootcamp.swift */,
				2EB521C42A27C65F003A7E32 /* FruitsContrainer.xcdatamodeld */,
				2EAF52E62A27D43C00A894C3 /* CoreDataRelationBootcamp.swift */,
				2EAF52E82A27D63100A894C3 /* CoreDataContainer.xcdatamodeld */,
				2EDE2E722A2A8B8C0020822B /* BackgroundThreadBootcamp.swift */,
				2E8828342A2B6D62007F5871 /* WeakSelfBootcamp.swift */,
				2E8828362A2B77E1007F5871 /* TypeAlisaBootcamp.swift */,
				2E8828382A2B7BF4007F5871 /* EscapingBootcamp.swift */,
			);
			path = SwiftUiSamples;
			sourceTree = "<group>";
		};
		2EB7F5E72A2489FE000ABBB7 /* Preview Content */ = {
			isa = PBXGroup;
			children = (
				2EB7F5E82A2489FE000ABBB7 /* Preview Assets.xcassets */,
			);
			path = "Preview Content";
			sourceTree = "<group>";
		};
		2ED943E72A267F5000C4B4CF /* Sounds */ = {
			isa = PBXGroup;
			children = (
				2ED943EA2A267F8300C4B4CF /* badum.mp3 */,
				2ED943E82A267F6A00C4B4CF /* tada.mp3 */,
			);
			path = Sounds;
			sourceTree = "<group>";
		};
/* End PBXGroup section */

/* Begin PBXNativeTarget section */
		2EB7F5DD2A2489FD000ABBB7 /* SwiftUiSamples */ = {
			isa = PBXNativeTarget;
			buildConfigurationList = 2EB7F5EC2A2489FE000ABBB7 /* Build configuration list for PBXNativeTarget "SwiftUiSamples" */;
			buildPhases = (
				2EB7F5DA2A2489FD000ABBB7 /* Sources */,
				2EB7F5DB2A2489FD000ABBB7 /* Frameworks */,
				2EB7F5DC2A2489FD000ABBB7 /* Resources */,
			);
			buildRules = (
			);
			dependencies = (
			);
			name = SwiftUiSamples;
			productName = SwiftUiSamples;
			productReference = 2EB7F5DE2A2489FD000ABBB7 /* SwiftUiSamples.app */;
			productType = "com.apple.product-type.application";
		};
/* End PBXNativeTarget section */

/* Begin PBXProject section */
		2EB7F5D62A2489FD000ABBB7 /* Project object */ = {
			isa = PBXProject;
			attributes = {
				BuildIndependentTargetsInParallel = 1;
				LastSwiftUpdateCheck = 1430;
				LastUpgradeCheck = 1430;
				TargetAttributes = {
					2EB7F5DD2A2489FD000ABBB7 = {
						CreatedOnToolsVersion = 14.3;
					};
				};
			};
			buildConfigurationList = 2EB7F5D92A2489FD000ABBB7 /* Build configuration list for PBXProject "SwiftUiSamples" */;
			compatibilityVersion = "Xcode 14.0";
			developmentRegion = en;
			hasScannedForEncodings = 0;
			knownRegions = (
				en,
				Base,
			);
			mainGroup = 2EB7F5D52A2489FD000ABBB7;
			productRefGroup = 2EB7F5DF2A2489FD000ABBB7 /* Products */;
			projectDirPath = "";
			projectRoot = "";
			targets = (
				2EB7F5DD2A2489FD000ABBB7 /* SwiftUiSamples */,
			);
		};
/* End PBXProject section */

/* Begin PBXResourcesBuildPhase section */
		2EB7F5DC2A2489FD000ABBB7 /* Resources */ = {
			isa = PBXResourcesBuildPhase;
			buildActionMask = 2147483647;
			files = (
				2ED943EB2A267F8300C4B4CF /* badum.mp3 in Resources */,
				2EB7F5E92A2489FE000ABBB7 /* Preview Assets.xcassets in Resources */,
				2EB7F5E62A2489FE000ABBB7 /* Assets.xcassets in Resources */,
				2ED943E92A267F6A00C4B4CF /* tada.mp3 in Resources */,
			);
			runOnlyForDeploymentPostprocessing = 0;
		};
/* End PBXResourcesBuildPhase section */

/* Begin PBXSourcesBuildPhase section */
		2EB7F5DA2A2489FD000ABBB7 /* Sources */ = {
			isa = PBXSourcesBuildPhase;
			buildActionMask = 2147483647;
			files = (
				2E8828392A2B7BF4007F5871 /* EscapingBootcamp.swift in Sources */,
				2E7307432A2709A0000578A7 /* HashableBootcamp.swift in Sources */,
				2ED943E62A267CDE00C4B4CF /* SoundsBootcamp.swift in Sources */,
				2EB7F5F82A249BBB000ABBB7 /* DragGestureBootcamp2.swift in Sources */,
				2EDE2E732A2A8B8C0020822B /* BackgroundThreadBootcamp.swift in Sources */,
				2EB521C32A27C4F5003A7E32 /* CoreDataBootcamp.swift in Sources */,
				2ED943E42A2673AC00C4B4CF /* MaskBootcamp.swift in Sources */,
				2EB7F5F62A249827000ABBB7 /* DragGestureBootcamp.swift in Sources */,
				2EB7F5E42A2489FD000ABBB7 /* ContentView.swift in Sources */,
				2E8828372A2B77E1007F5871 /* TypeAlisaBootcamp.swift in Sources */,
				2EAF52E72A27D43C00A894C3 /* CoreDataRelationBootcamp.swift in Sources */,
				2EAF52EA2A27D63100A894C3 /* CoreDataContainer.xcdatamodeld in Sources */,
				2E7307452A270F94000578A7 /* ArraysBootcamp.swift in Sources */,
				2ED943EF2A268F8B00C4B4CF /* LocalNotificationBootcamp.swift in Sources */,
				2EB7F5F02A248A7B000ABBB7 /* LongPressGetureBootcamp.swift in Sources */,
				2ED943ED2A26820900C4B4CF /* HapticBootcamp.swift in Sources */,
				2E8828352A2B6D62007F5871 /* WeakSelfBootcamp.swift in Sources */,
				2EB521C62A27C65F003A7E32 /* FruitsContrainer.xcdatamodeld in Sources */,
				2ED943E22A26682700C4B4CF /* MultipleSheetsBootcamp.swift in Sources */,
				2EB7F5F22A248B01000ABBB7 /* MagnificationGestureBootcamp.swift in Sources */,
				2EB7F5E22A2489FD000ABBB7 /* SwiftUiSamplesApp.swift in Sources */,
				2EB7F5FC2A24AE8C000ABBB7 /* GeometryReaderBootcamp.swift in Sources */,
				2EB7F5FA2A24A400000ABBB7 /* ScrollViewReaderBootcamp.swift in Sources */,
				2EB7F5F42A248EC2000ABBB7 /* RotationGestureBootcamp.swift in Sources */,
			);
			runOnlyForDeploymentPostprocessing = 0;
		};
/* End PBXSourcesBuildPhase section */

/* Begin XCBuildConfiguration section */
		2EB7F5EA2A2489FE000ABBB7 /* Debug */ = {
			isa = XCBuildConfiguration;
			buildSettings = {
				ALWAYS_SEARCH_USER_PATHS = NO;
				CLANG_ANALYZER_NONNULL = YES;
				CLANG_ANALYZER_NUMBER_OBJECT_CONVERSION = YES_AGGRESSIVE;
				CLANG_CXX_LANGUAGE_STANDARD = "gnu++20";
				CLANG_ENABLE_MODULES = YES;
				CLANG_ENABLE_OBJC_ARC = YES;
				CLANG_ENABLE_OBJC_WEAK = YES;
				CLANG_WARN_BLOCK_CAPTURE_AUTORELEASING = YES;
				CLANG_WARN_BOOL_CONVERSION = YES;
				CLANG_WARN_COMMA = YES;
				CLANG_WARN_CONSTANT_CONVERSION = YES;
				CLANG_WARN_DEPRECATED_OBJC_IMPLEMENTATIONS = YES;
				CLANG_WARN_DIRECT_OBJC_ISA_USAGE = YES_ERROR;
				CLANG_WARN_DOCUMENTATION_COMMENTS = YES;
				CLANG_WARN_EMPTY_BODY = YES;
				CLANG_WARN_ENUM_CONVERSION = YES;
				CLANG_WARN_INFINITE_RECURSION = YES;
				CLANG_WARN_INT_CONVERSION = YES;
				CLANG_WARN_NON_LITERAL_NULL_CONVERSION = YES;
				CLANG_WARN_OBJC_IMPLICIT_RETAIN_SELF = YES;
				CLANG_WARN_OBJC_LITERAL_CONVERSION = YES;
				CLANG_WARN_OBJC_ROOT_CLASS = YES_ERROR;
				CLANG_WARN_QUOTED_INCLUDE_IN_FRAMEWORK_HEADER = YES;
				CLANG_WARN_RANGE_LOOP_ANALYSIS = YES;
				CLANG_WARN_STRICT_PROTOTYPES = YES;
				CLANG_WARN_SUSPICIOUS_MOVE = YES;
				CLANG_WARN_UNGUARDED_AVAILABILITY = YES_AGGRESSIVE;
				CLANG_WARN_UNREACHABLE_CODE = YES;
				CLANG_WARN__DUPLICATE_METHOD_MATCH = YES;
				COPY_PHASE_STRIP = NO;
				DEBUG_INFORMATION_FORMAT = dwarf;
				ENABLE_STRICT_OBJC_MSGSEND = YES;
				ENABLE_TESTABILITY = YES;
				GCC_C_LANGUAGE_STANDARD = gnu11;
				GCC_DYNAMIC_NO_PIC = NO;
				GCC_NO_COMMON_BLOCKS = YES;
				GCC_OPTIMIZATION_LEVEL = 0;
				GCC_PREPROCESSOR_DEFINITIONS = (
					"DEBUG=1",
					"$(inherited)",
				);
				GCC_WARN_64_TO_32_BIT_CONVERSION = YES;
				GCC_WARN_ABOUT_RETURN_TYPE = YES_ERROR;
				GCC_WARN_UNDECLARED_SELECTOR = YES;
				GCC_WARN_UNINITIALIZED_AUTOS = YES_AGGRESSIVE;
				GCC_WARN_UNUSED_FUNCTION = YES;
				GCC_WARN_UNUSED_VARIABLE = YES;
				IPHONEOS_DEPLOYMENT_TARGET = 16.4;
				MTL_ENABLE_DEBUG_INFO = INCLUDE_SOURCE;
				MTL_FAST_MATH = YES;
				ONLY_ACTIVE_ARCH = YES;
				SDKROOT = iphoneos;
				SWIFT_ACTIVE_COMPILATION_CONDITIONS = DEBUG;
				SWIFT_OPTIMIZATION_LEVEL = "-Onone";
			};
			name = Debug;
		};
		2EB7F5EB2A2489FE000ABBB7 /* Release */ = {
			isa = XCBuildConfiguration;
			buildSettings = {
				ALWAYS_SEARCH_USER_PATHS = NO;
				CLANG_ANALYZER_NONNULL = YES;
				CLANG_ANALYZER_NUMBER_OBJECT_CONVERSION = YES_AGGRESSIVE;
				CLANG_CXX_LANGUAGE_STANDARD = "gnu++20";
				CLANG_ENABLE_MODULES = YES;
				CLANG_ENABLE_OBJC_ARC = YES;
				CLANG_ENABLE_OBJC_WEAK = YES;
				CLANG_WARN_BLOCK_CAPTURE_AUTORELEASING = YES;
				CLANG_WARN_BOOL_CONVERSION = YES;
				CLANG_WARN_COMMA = YES;
				CLANG_WARN_CONSTANT_CONVERSION = YES;
				CLANG_WARN_DEPRECATED_OBJC_IMPLEMENTATIONS = YES;
				CLANG_WARN_DIRECT_OBJC_ISA_USAGE = YES_ERROR;
				CLANG_WARN_DOCUMENTATION_COMMENTS = YES;
				CLANG_WARN_EMPTY_BODY = YES;
				CLANG_WARN_ENUM_CONVERSION = YES;
				CLANG_WARN_INFINITE_RECURSION = YES;
				CLANG_WARN_INT_CONVERSION = YES;
				CLANG_WARN_NON_LITERAL_NULL_CONVERSION = YES;
				CLANG_WARN_OBJC_IMPLICIT_RETAIN_SELF = YES;
				CLANG_WARN_OBJC_LITERAL_CONVERSION = YES;
				CLANG_WARN_OBJC_ROOT_CLASS = YES_ERROR;
				CLANG_WARN_QUOTED_INCLUDE_IN_FRAMEWORK_HEADER = YES;
				CLANG_WARN_RANGE_LOOP_ANALYSIS = YES;
				CLANG_WARN_STRICT_PROTOTYPES = YES;
				CLANG_WARN_SUSPICIOUS_MOVE = YES;
				CLANG_WARN_UNGUARDED_AVAILABILITY = YES_AGGRESSIVE;
				CLANG_WARN_UNREACHABLE_CODE = YES;
				CLANG_WARN__DUPLICATE_METHOD_MATCH = YES;
				COPY_PHASE_STRIP = NO;
				DEBUG_INFORMATION_FORMAT = "dwarf-with-dsym";
				ENABLE_NS_ASSERTIONS = NO;
				ENABLE_STRICT_OBJC_MSGSEND = YES;
				GCC_C_LANGUAGE_STANDARD = gnu11;
				GCC_NO_COMMON_BLOCKS = YES;
				GCC_WARN_64_TO_32_BIT_CONVERSION = YES;
				GCC_WARN_ABOUT_RETURN_TYPE = YES_ERROR;
				GCC_WARN_UNDECLARED_SELECTOR = YES;
				GCC_WARN_UNINITIALIZED_AUTOS = YES_AGGRESSIVE;
				GCC_WARN_UNUSED_FUNCTION = YES;
				GCC_WARN_UNUSED_VARIABLE = YES;
				IPHONEOS_DEPLOYMENT_TARGET = 16.4;
				MTL_ENABLE_DEBUG_INFO = NO;
				MTL_FAST_MATH = YES;
				SDKROOT = iphoneos;
				SWIFT_COMPILATION_MODE = wholemodule;
				SWIFT_OPTIMIZATION_LEVEL = "-O";
				VALIDATE_PRODUCT = YES;
			};
			name = Release;
		};
		2EB7F5ED2A2489FE000ABBB7 /* Debug */ = {
			isa = XCBuildConfiguration;
			buildSettings = {
				ASSETCATALOG_COMPILER_APPICON_NAME = AppIcon;
				ASSETCATALOG_COMPILER_GLOBAL_ACCENT_COLOR_NAME = AccentColor;
				CODE_SIGN_STYLE = Automatic;
				CURRENT_PROJECT_VERSION = 1;
				DEVELOPMENT_ASSET_PATHS = "\"SwiftUiSamples/Preview Content\"";
				DEVELOPMENT_TEAM = M4A8KZNNKC;
				ENABLE_PREVIEWS = YES;
				GENERATE_INFOPLIST_FILE = YES;
				INFOPLIST_KEY_UIApplicationSceneManifest_Generation = YES;
				INFOPLIST_KEY_UIApplicationSupportsIndirectInputEvents = YES;
				INFOPLIST_KEY_UILaunchScreen_Generation = YES;
				INFOPLIST_KEY_UISupportedInterfaceOrientations_iPad = "UIInterfaceOrientationPortrait UIInterfaceOrientationPortraitUpsideDown UIInterfaceOrientationLandscapeLeft UIInterfaceOrientationLandscapeRight";
				INFOPLIST_KEY_UISupportedInterfaceOrientations_iPhone = "UIInterfaceOrientationPortrait UIInterfaceOrientationLandscapeLeft UIInterfaceOrientationLandscapeRight";
				LD_RUNPATH_SEARCH_PATHS = (
					"$(inherited)",
					"@executable_path/Frameworks",
				);
				MARKETING_VERSION = 1.0;
				PRODUCT_BUNDLE_IDENTIFIER = com.omid.SwiftUiSamples;
				PRODUCT_NAME = "$(TARGET_NAME)";
				SWIFT_EMIT_LOC_STRINGS = YES;
				SWIFT_VERSION = 5.0;
				TARGETED_DEVICE_FAMILY = "1,2";
			};
			name = Debug;
		};
		2EB7F5EE2A2489FE000ABBB7 /* Release */ = {
			isa = XCBuildConfiguration;
			buildSettings = {
				ASSETCATALOG_COMPILER_APPICON_NAME = AppIcon;
				ASSETCATALOG_COMPILER_GLOBAL_ACCENT_COLOR_NAME = AccentColor;
				CODE_SIGN_STYLE = Automatic;
				CURRENT_PROJECT_VERSION = 1;
				DEVELOPMENT_ASSET_PATHS = "\"SwiftUiSamples/Preview Content\"";
				DEVELOPMENT_TEAM = M4A8KZNNKC;
				ENABLE_PREVIEWS = YES;
				GENERATE_INFOPLIST_FILE = YES;
				INFOPLIST_KEY_UIApplicationSceneManifest_Generation = YES;
				INFOPLIST_KEY_UIApplicationSupportsIndirectInputEvents = YES;
				INFOPLIST_KEY_UILaunchScreen_Generation = YES;
				INFOPLIST_KEY_UISupportedInterfaceOrientations_iPad = "UIInterfaceOrientationPortrait UIInterfaceOrientationPortraitUpsideDown UIInterfaceOrientationLandscapeLeft UIInterfaceOrientationLandscapeRight";
				INFOPLIST_KEY_UISupportedInterfaceOrientations_iPhone = "UIInterfaceOrientationPortrait UIInterfaceOrientationLandscapeLeft UIInterfaceOrientationLandscapeRight";
				LD_RUNPATH_SEARCH_PATHS = (
					"$(inherited)",
					"@executable_path/Frameworks",
				);
				MARKETING_VERSION = 1.0;
				PRODUCT_BUNDLE_IDENTIFIER = com.omid.SwiftUiSamples;
				PRODUCT_NAME = "$(TARGET_NAME)";
				SWIFT_EMIT_LOC_STRINGS = YES;
				SWIFT_VERSION = 5.0;
				TARGETED_DEVICE_FAMILY = "1,2";
			};
			name = Release;
		};
/* End XCBuildConfiguration section */

/* Begin XCConfigurationList section */
		2EB7F5D92A2489FD000ABBB7 /* Build configuration list for PBXProject "SwiftUiSamples" */ = {
			isa = XCConfigurationList;
			buildConfigurations = (
				2EB7F5EA2A2489FE000ABBB7 /* Debug */,
				2EB7F5EB2A2489FE000ABBB7 /* Release */,
			);
			defaultConfigurationIsVisible = 0;
			defaultConfigurationName = Release;
		};
		2EB7F5EC2A2489FE000ABBB7 /* Build configuration list for PBXNativeTarget "SwiftUiSamples" */ = {
			isa = XCConfigurationList;
			buildConfigurations = (
				2EB7F5ED2A2489FE000ABBB7 /* Debug */,
				2EB7F5EE2A2489FE000ABBB7 /* Release */,
			);
			defaultConfigurationIsVisible = 0;
			defaultConfigurationName = Release;
		};
/* End XCConfigurationList section */

/* Begin XCVersionGroup section */
		2EAF52E82A27D63100A894C3 /* CoreDataContainer.xcdatamodeld */ = {
			isa = XCVersionGroup;
			children = (
				2EAF52E92A27D63100A894C3 /* CoreDataContainer.xcdatamodel */,
			);
			currentVersion = 2EAF52E92A27D63100A894C3 /* CoreDataContainer.xcdatamodel */;
			path = CoreDataContainer.xcdatamodeld;
			sourceTree = "<group>";
			versionGroupType = wrapper.xcdatamodel;
		};
		2EB521C42A27C65F003A7E32 /* FruitsContrainer.xcdatamodeld */ = {
			isa = XCVersionGroup;
			children = (
				2EB521C52A27C65F003A7E32 /* FruitsContrainer.xcdatamodel */,
			);
			currentVersion = 2EB521C52A27C65F003A7E32 /* FruitsContrainer.xcdatamodel */;
			path = FruitsContrainer.xcdatamodeld;
			sourceTree = "<group>";
			versionGroupType = wrapper.xcdatamodel;
		};
/* End XCVersionGroup section */
	};
	rootObject = 2EB7F5D62A2489FD000ABBB7 /* Project object */;
}
